
Microsoft Visual Studio Solution File, Format Version 12.00
# Visual Studio Version 17
VisualStudioVersion = 17.3.32825.248
MinimumVisualStudioVersion = 10.0.40219.1
Project("{FAE04EC0-301F-11D3-BF4B-00C04F79EFBC}") = "BattleShip", "BattleShip\BattleShip.csproj", "{733DB74E-59D6-4FDA-871E-179C203692E1}"
EndProject
Global
	GlobalSection(SolutionConfigurationPlatforms) = preSolution
		Debug|Any CPU = Debug|Any CPU
		Release|Any CPU = Release|Any CPU
	EndGlobalSection
	GlobalSection(ProjectConfigurationPlatforms) = postSolution
		{733DB74E-59D6-4FDA-871E-179C203692E1}.Debug|Any CPU.ActiveCfg = Debug|Any CPU
		{733DB74E-59D6-4FDA-871E-179C203692E1}.Debug|Any CPU.Build.0 = Debug|Any CPU
		{733DB74E-59D6-4FDA-871E-179C203692E1}.Release|Any CPU.ActiveCfg = Release|Any CPU
		{733DB74E-59D6-4FDA-871E-179C203692E1}.Release|Any CPU.Build.0 = Release|Any CPU
	EndGlobalSection
	GlobalSection(SolutionProperties) = preSolution
		HideSolutionNode = FALSE
	EndGlobalSection
	GlobalSection(ExtensibilityGlobals) = postSolution
		SolutionGuid = {E0735D1C-AA9A-4730-9737-E5BDC0876642}
	EndGlobalSection
EndGlobal
